
Microsoft Visual Studio Solution File, Format Version 12.00
# Visual Studio Version 17
VisualStudioVersion = 17.5.33516.290
MinimumVisualStudioVersion = 10.0.40219.1
Project("{8BC9CEB8-8B4A-11D0-8D11-00A0C91BC942}") = "0612Exercises", "0612Exercises\0612Exercises.vcxproj", "{51F8F0E9-12FE-492C-A5BE-631FF33F704A}"
EndProject
Global
	GlobalSection(SolutionConfigurationPlatforms) = preSolution
		Debug|x64 = Debug|x64
		Debug|x86 = Debug|x86
		Release|x64 = Release|x64
		Release|x86 = Release|x86
	EndGlobalSection
	GlobalSection(ProjectConfigurationPlatforms) = postSolution
		{51F8F0E9-12FE-492C-A5BE-631FF33F704A}.Debug|x64.ActiveCfg = Debug|x64
		{51F8F0E9-12FE-492C-A5BE-631FF33F704A}.Debug|x64.Build.0 = Debug|x64
		{51F8F0E9-12FE-492C-A5BE-631FF33F704A}.Debug|x86.ActiveCfg = Debug|Win32
		{51F8F0E9-12FE-492C-A5BE-631FF33F704A}.Debug|x86.Build.0 = Debug|Win32
		{51F8F0E9-12FE-492C-A5BE-631FF33F704A}.Release|x64.ActiveCfg = Release|x64
		{51F8F0E9-12FE-492C-A5BE-631FF33F704A}.Release|x64.Build.0 = Release|x64
		{51F8F0E9-12FE-492C-A5BE-631FF33F704A}.Release|x86.ActiveCfg = Release|Win32
		{51F8F0E9-12FE-492C-A5BE-631FF33F704A}.Release|x86.Build.0 = Release|Win32
	EndGlobalSection
	GlobalSection(SolutionProperties) = preSolution
		HideSolutionNode = FALSE
	EndGlobalSection
	GlobalSection(ExtensibilityGlobals) = postSolution
		SolutionGuid = {8556DD6D-B9F2-4342-89BA-4C5E3DC1AF81}
	EndGlobalSection
EndGlobal
